
Microsoft Visual Studio Solution File, Format Version 12.00
# Visual Studio Version 16
VisualStudioVersion = 16.0.30011.22
MinimumVisualStudioVersion = 10.0.40219.1
Project("{FAE04EC0-301F-11D3-BF4B-00C04F79EFBC}") = "project", "project\project.csproj", "{CD512430-739F-4DD7-8C87-3EBD3F072DF7}"
EndProject
Project("{FAE04EC0-301F-11D3-BF4B-00C04F79EFBC}") = "Collection", "Collection\Collection.csproj", "{65F76F6E-0EA1-4A57-B8FE-AF5E75FFDF97}"
EndProject
Global
	GlobalSection(SolutionConfigurationPlatforms) = preSolution
		Debug|Any CPU = Debug|Any CPU
		Release|Any CPU = Release|Any CPU
	EndGlobalSection
	GlobalSection(ProjectConfigurationPlatforms) = postSolution
		{CD512430-739F-4DD7-8C87-3EBD3F072DF7}.Debug|Any CPU.ActiveCfg = Debug|Any CPU
		{CD512430-739F-4DD7-8C87-3EBD3F072DF7}.Debug|Any CPU.Build.0 = Debug|Any CPU
		{CD512430-739F-4DD7-8C87-3EBD3F072DF7}.Release|Any CPU.ActiveCfg = Release|Any CPU
		{CD512430-739F-4DD7-8C87-3EBD3F072DF7}.Release|Any CPU.Build.0 = Release|Any CPU
		{65F76F6E-0EA1-4A57-B8FE-AF5E75FFDF97}.Debug|Any CPU.ActiveCfg = Debug|Any CPU
		{65F76F6E-0EA1-4A57-B8FE-AF5E75FFDF97}.Debug|Any CPU.Build.0 = Debug|Any CPU
		{65F76F6E-0EA1-4A57-B8FE-AF5E75FFDF97}.Release|Any CPU.ActiveCfg = Release|Any CPU
		{65F76F6E-0EA1-4A57-B8FE-AF5E75FFDF97}.Release|Any CPU.Build.0 = Release|Any CPU
	EndGlobalSection
	GlobalSection(SolutionProperties) = preSolution
		HideSolutionNode = FALSE
	EndGlobalSection
	GlobalSection(ExtensibilityGlobals) = postSolution
		SolutionGuid = {61DDF2C9-5B6C-46D3-A224-1C60B42234AE}
	EndGlobalSection
EndGlobal
